{
  "nodes": {
    "circt-src": {
      "flake": false,
      "locked": {
        "lastModified": 1786604801,
        "narHash": "sha256-af08Ik/BMzyG1WTG2Rh006ze2D7fWZkvESZ2Bx0bpNk=",
        "owner": "xinpian-tech",
        "repo": "circt",
        "rev": "306d4f5c0f1b03575a17665d8f2592c33feb8be0",
        "type": "github"
      },
      "original": {
        "owner": "xinpian-tech",
        "ref": "master",
        "repo": "circt",
        "type": "github"
      }
    },
    "flake-compat": {
      "flake": false,
      "locked": {
        "lastModified": 1767039857,
        "narHash": "sha256-vNpUSpF5Nuw8xvDLj2KCwwksIbjua2LZCqhV1LNRDns=",
        "owner": "edolstra",
        "repo": "flake-compat",
        "rev": "5edf11c44bc78a0d334f6334cdaf7d60d732daab",
        "type": "github"
      },
      "original": {
        "owner": "edolstra",
        "repo": "flake-compat",
        "type": "github"
      }
    },
    "llvm-src": {
      "flake": false,
      "locked": {
        "lastModified": 1783919289,
        "narHash": "sha256-epMcDIyD3zwgH4r4DqvXW0pUHTanXhm+CPaGE53WD7s=",
        "owner": "llvm",
        "repo": "llvm-project",
        "rev": "b1c56fb53a9c76d6b045ede49083b647ae049ffe",
        "type": "github"
      },
      "original": {
        "owner": "llvm",
        "repo": "llvm-project",
        "rev": "b1c56fb53a9c76d6b045ede49083b647ae049ffe",
        "type": "github"
      }
    },
    "nixpkgs": {
      "locked": {
        "lastModified": 1785090369,
        "narHash": "sha256-m0pDuRJG7EDo9ri+4Ksu83VsI+PlxNC9lNBfydejce4=",
        "owner": "NixOS",
        "repo": "nixpkgs",
        "rev": "624af665418d3c65d544145b4d34ad696439570e",
        "type": "github"
      },
      "original": {
        "owner": "NixOS",
        "ref": "nixos-unstable",
        "repo": "nixpkgs",
        "type": "github"
      }
    },
    "root": {
      "inputs": {
        "circt-src": "circt-src",
        "flake-compat": "flake-compat",
        "llvm-src": "llvm-src",
        "nixpkgs": "nixpkgs",
        "slang-src": "slang-src"
      }
    },
    "slang-src": {
      "flake": false,
      "locked": {
        "lastModified": 1781906659,
        "narHash": "sha256-tKse5rV5kHZmCOb8Zb8k4bOw4wN3pDfY5exdpva57bU=",
        "owner": "MikePopoloski",
        "repo": "slang",
        "rev": "44dc55f99b9c64971893013e7931e643fbedcf23",
        "type": "github"
      },
      "original": {
        "owner": "MikePopoloski",
        "repo": "slang",
        "rev": "44dc55f99b9c64971893013e7931e643fbedcf23",
        "type": "github"
      }
    }
  },
  "root": "root",
  "version": 7
}
