{
  "nodes": {
    "circt-src": {
      "flake": false,
      "locked": {
        "lastModified": 1790481529,
        "narHash": "sha256-B9/3VI3xwTeH+5zkbECaunQ5e1TTZrBccXXPCGO8W68=",
        "owner": "xinpian-tech",
        "repo": "circt",
        "rev": "c8b4ff458ce8ef53639c43762da3690caa621215",
        "type": "github"
      },
      "original": {
        "owner": "xinpian-tech",
        "ref": "master",
        "repo": "circt",
        "type": "github"
      }
    },
    "cli11-src": {
      "flake": false,
      "locked": {
        "lastModified": 1740659131,
        "narHash": "sha256-73dfpZDnKl0cADM4LTP3/eDFhwCdiHbEaGRF7ZyWsdQ=",
        "owner": "CLIUtils",
        "repo": "CLI11",
        "rev": "4160d259d961cd393fd8d67590a8c7d210207348",
        "type": "github"
      },
      "original": {
        "owner": "CLIUtils",
        "ref": "v2.5.0",
        "repo": "CLI11",
        "type": "github"
      }
    },
    "flake-compat": {
      "flake": false,
      "locked": {
        "lastModified": 1767039857,
        "narHash": "sha256-vNpUSpF5Nuw8xvDLj2KCwwksIbjua2LZCqhV1LNRDns=",
        "owner": "edolstra",
        "repo": "flake-compat",
        "rev": "5edf11c44bc78a0d334f6334cdaf7d60d732daab",
        "type": "github"
      },
      "original": {
        "owner": "edolstra",
        "repo": "flake-compat",
        "type": "github"
      }
    },
    "fmt-src": {
      "flake": false,
      "locked": {
        "lastModified": 1740593668,
        "narHash": "sha256-sUbxlYi/Aupaox3JjWFqXIjcaQa0LFjclQAOleT+FRA=",
        "owner": "fmtlib",
        "repo": "fmt",
        "rev": "123913715afeb8a437e6388b4473fcc4753e1c9a",
        "type": "github"
      },
      "original": {
        "owner": "fmtlib",
        "ref": "11.1.4",
        "repo": "fmt",
        "type": "github"
      }
    },
    "googletest-src": {
      "flake": false,
      "locked": {
        "lastModified": 1722432886,
        "narHash": "sha256-1OJ2SeSscRBNr7zZ/a8bJGIqAnhkg45re0j3DtPfcXM=",
        "owner": "google",
        "repo": "googletest",
        "rev": "b514bdc898e2951020cbdca1304b75f5950d1f59",
        "type": "github"
      },
      "original": {
        "owner": "google",
        "ref": "v1.15.2",
        "repo": "googletest",
        "type": "github"
      }
    },
    "ixwebsocket-src": {
      "flake": false,
      "locked": {
        "lastModified": 1778618314,
        "narHash": "sha256-nzkz/18q2h+/CcjMYVo2XmkUp5/50oakdGsWxp4KKHM=",
        "owner": "machinezone",
        "repo": "IXWebSocket",
        "rev": "173f442474c4d9db16184c5e15cc96e07605e0e0",
        "type": "github"
      },
      "original": {
        "owner": "machinezone",
        "repo": "IXWebSocket",
        "rev": "173f442474c4d9db16184c5e15cc96e07605e0e0",
        "type": "github"
      }
    },
    "llvm-src": {
      "flake": false,
      "locked": {
        "lastModified": 1788198821,
        "narHash": "sha256-1qERhNh9h0fbF4e3IRpAPqnWQXGow5l39z1sda6Lxl8=",
        "owner": "llvm",
        "repo": "llvm-project",
        "rev": "e297b52ec9d8b5c38042e53ae5650922717970cd",
        "type": "github"
      },
      "original": {
        "owner": "llvm",
        "repo": "llvm-project",
        "rev": "e297b52ec9d8b5c38042e53ae5650922717970cd",
        "type": "github"
      }
    },
    "nixpkgs": {
      "locked": {
        "lastModified": 1790185690,
        "narHash": "sha256-xJ+X4hBtOcAFGBOe5nAMyMUeF9foJBmIOu3NjBqBycU=",
        "owner": "NixOS",
        "repo": "nixpkgs",
        "rev": "4975466d324710c576dc11ad614684e6bd8cad8e",
        "type": "github"
      },
      "original": {
        "owner": "NixOS",
        "ref": "nixos-unstable",
        "repo": "nixpkgs",
        "type": "github"
      }
    },
    "nlohmann-json-src": {
      "flake": false,
      "locked": {
        "lastModified": 1701207391,
        "narHash": "sha256-7F0Jon+1oWL7uqet5i1IgHX0fUw/+z0QwEcA3zs5xHg=",
        "owner": "nlohmann",
        "repo": "json",
        "rev": "9cca280a4d0ccf0c08f47a99aa71d1b0e52f8d03",
        "type": "github"
      },
      "original": {
        "owner": "nlohmann",
        "ref": "v3.11.3",
        "repo": "json",
        "type": "github"
      }
    },
    "root": {
      "inputs": {
        "circt-src": "circt-src",
        "cli11-src": "cli11-src",
        "flake-compat": "flake-compat",
        "fmt-src": "fmt-src",
        "googletest-src": "googletest-src",
        "ixwebsocket-src": "ixwebsocket-src",
        "llvm-src": "llvm-src",
        "nixpkgs": "nixpkgs",
        "nlohmann-json-src": "nlohmann-json-src",
        "slang-src": "slang-src",
        "zlib-src": "zlib-src"
      }
    },
    "slang-src": {
      "flake": false,
      "locked": {
        "lastModified": 1781906659,
        "narHash": "sha256-tKse5rV5kHZmCOb8Zb8k4bOw4wN3pDfY5exdpva57bU=",
        "owner": "MikePopoloski",
        "repo": "slang",
        "rev": "44dc55f99b9c64971893013e7931e643fbedcf23",
        "type": "github"
      },
      "original": {
        "owner": "MikePopoloski",
        "repo": "slang",
        "rev": "44dc55f99b9c64971893013e7931e643fbedcf23",
        "type": "github"
      }
    },
    "zlib-src": {
      "flake": false,
      "locked": {
        "lastModified": 1739919615,
        "narHash": "sha256-L/gubPuMLJ1nq+AVZdwhcv6mkgBYzKJ6ncoYM93LvJ0=",
        "owner": "madler",
        "repo": "zlib",
        "rev": "5a82f71ed1dfc0bec044d9702463dbdf84ea3b71",
        "type": "github"
      },
      "original": {
        "owner": "madler",
        "repo": "zlib",
        "rev": "5a82f71ed1dfc0bec044d9702463dbdf84ea3b71",
        "type": "github"
      }
    }
  },
  "root": "root",
  "version": 7
}
